// !$*UTF8*$!
{
	archiveVersion = 1;
	classes = {
	};
	objectVersion = 46;
	objects = {

/* Begin PBXBuildFile section */
		48C3E8381AC5ABF0001994A2 /* main.swift in Sources */ = {isa = PBXBuildFile; fileRef = 48C3E8371AC5ABF0001994A2 /* main.swift */; };
/* End PBXBuildFile section */

/* Begin PBXCopyFilesBuildPhase section */
		48C3E8321AC5ABF0001994A2 /* CopyFiles */ = {
			isa = PBXCopyFilesBuildPhase;
			buildActionMask = 2147483647;
			dstPath = /usr/share/man/man1/;
			dstSubfolderSpec = 0;
			files = (
			);
			runOnlyForDeploymentPostprocessing = 1;
		};
/* End PBXCopyFilesBuildPhase section */

/* Begin PBXFileReference section */
		48C3E8341AC5ABF0001994A2 /* UncoupledSet */ = {isa = PBXFileReference; explicitFileType = "compiled.mach-o.executable"; includeInIndex = 0; path = UncoupledSet; sourceTree = BUILT_PRODUCTS_DIR; };
		48C3E8371AC5ABF0001994A2 /* main.swift */ = {isa = PBXFileReference; lastKnownFileType = sourcecode.swift; path = main.swift; sourceTree = "<group>"; };
/* End PBXFileReference section */

/* Begin PBXFrameworksBuildPhase section */
		48C3E8311AC5ABF0001994A2 /* Frameworks */ = {
			isa = PBXFrameworksBuildPhase;
			buildActionMask = 2147483647;
			files = (
			);
			runOnlyForDeploymentPostprocessing = 0;
		};
/* End PBXFrameworksBuildPhase section */

/* Begin PBXGroup section */
		48C3E82B1AC5ABF0001994A2 = {
			isa = PBXGroup;
			children = (
				48C3E8361AC5ABF0001994A2 /* UncoupledSet */,
				48C3E8351AC5ABF0001994A2 /* Products */,
			);
			sourceTree = "<group>";
		};
		48C3E8351AC5ABF0001994A2 /* Products */ = {
			isa = PBXGroup;
			children = (
				48C3E8341AC5ABF0001994A2 /* UncoupledSet */,
			);
			name = Products;
			sourceTree = "<group>";
		};
		48C3E8361AC5ABF0001994A2 /* UncoupledSet */ = {
			isa = PBXGroup;
			children = (
				48C3E8371AC5ABF0001994A2 /* main.swift */,
			);
			path = UncoupledSet;
			sourceTree = "<group>";
		};
/* End PBXGroup section */

/* Begin PBXNativeTarget section */
		48C3E8331AC5ABF0001994A2 /* UncoupledSet */ = {
			isa = PBXNativeTarget;
			buildConfigurationList = 48C3E83B1AC5ABF0001994A2 /* Build configuration list for PBXNativeTarget "UncoupledSet" */;
			buildPhases = (
				48C3E8301AC5ABF0001994A2 /* Sources */,
				48C3E8311AC5ABF0001994A2 /* Frameworks */,
				48C3E8321AC5ABF0001994A2 /* CopyFiles */,
			);
			buildRules = (
			);
			dependencies = (
			);
			name = UncoupledSet;
			productName = UncoupledSet;
			productReference = 48C3E8341AC5ABF0001994A2 /* UncoupledSet */;
			productType = "com.apple.product-type.tool";
		};
/* End PBXNativeTarget section */

/* Begin PBXProject section */
		48C3E82C1AC5ABF0001994A2 /* Project object */ = {
			isa = PBXProject;
			attributes = {
				LastUpgradeCheck = 0620;
				ORGANIZATIONNAME = "Rodrigo Carballo";
				TargetAttributes = {
					48C3E8331AC5ABF0001994A2 = {
						CreatedOnToolsVersion = 6.2;
					};
				};
			};
			buildConfigurationList = 48C3E82F1AC5ABF0001994A2 /* Build configuration list for PBXProject "UncoupledSet" */;
			compatibilityVersion = "Xcode 3.2";
			developmentRegion = English;
			hasScannedForEncodings = 0;
			knownRegions = (
				en,
			);
			mainGroup = 48C3E82B1AC5ABF0001994A2;
			productRefGroup = 48C3E8351AC5ABF0001994A2 /* Products */;
			projectDirPath = "";
			projectRoot = "";
			targets = (
				48C3E8331AC5ABF0001994A2 /* UncoupledSet */,
			);
		};
/* End PBXProject section */

/* Begin PBXSourcesBuildPhase section */
		48C3E8301AC5ABF0001994A2 /* Sources */ = {
			isa = PBXSourcesBuildPhase;
			buildActionMask = 2147483647;
			files = (
				48C3E8381AC5ABF0001994A2 /* main.swift in Sources */,
			);
			runOnlyForDeploymentPostprocessing = 0;
		};
/* End PBXSourcesBuildPhase section */

/* Begin XCBuildConfiguration section */
		48C3E8391AC5ABF0001994A2 /* Debug */ = {
			isa = XCBuildConfiguration;
			buildSettings = {
				ALWAYS_SEARCH_USER_PATHS = NO;
				CLANG_CXX_LANGUAGE_STANDARD = "gnu++0x";
				CLANG_CXX_LIBRARY = "libc++";
				CLANG_ENABLE_MODULES = YES;
				CLANG_ENABLE_OBJC_ARC = YES;
				CLANG_WARN_BOOL_CONVERSION = YES;
				CLANG_WARN_CONSTANT_CONVERSION = YES;
				CLANG_WARN_DIRECT_OBJC_ISA_USAGE = YES_ERROR;
				CLANG_WARN_EMPTY_BODY = YES;
				CLANG_WARN_ENUM_CONVERSION = YES;
				CLANG_WARN_INT_CONVERSION = YES;
				CLANG_WARN_OBJC_ROOT_CLASS = YES_ERROR;
				CLANG_WARN_UNREACHABLE_CODE = YES;
				CLANG_WARN__DUPLICATE_METHOD_MATCH = YES;
				COPY_PHASE_STRIP = NO;
				ENABLE_STRICT_OBJC_MSGSEND = YES;
				GCC_C_LANGUAGE_STANDARD = gnu99;
				GCC_DYNAMIC_NO_PIC = NO;
				GCC_OPTIMIZATION_LEVEL = 0;
				GCC_PREPROCESSOR_DEFINITIONS = (
					"DEBUG=1",
					"$(inherited)",
				);
				GCC_SYMBOLS_PRIVATE_EXTERN = NO;
				GCC_WARN_64_TO_32_BIT_CONVERSION = YES;
				GCC_WARN_ABOUT_RETURN_TYPE = YES_ERROR;
				GCC_WARN_UNDECLARED_SELECTOR = YES;
				GCC_WARN_UNINITIALIZED_AUTOS = YES_AGGRESSIVE;
				GCC_WARN_UNUSED_FUNCTION = YES;
				GCC_WARN_UNUSED_VARIABLE = YES;
				MACOSX_DEPLOYMENT_TARGET = 10.10;
				MTL_ENABLE_DEBUG_INFO = YES;
				ONLY_ACTIVE_ARCH = YES;
				SDKROOT = macosx;
				SWIFT_OPTIMIZATION_LEVEL = "-Onone";
			};
			name = Debug;
		};
		48C3E83A1AC5ABF0001994A2 /* Release */ = {
			isa = XCBuildConfiguration;
			buildSettings = {
				ALWAYS_SEARCH_USER_PATHS = NO;
				CLANG_CXX_LANGUAGE_STANDARD = "gnu++0x";
				CLANG_CXX_LIBRARY = "libc++";
				CLANG_ENABLE_MODULES = YES;
				CLANG_ENABLE_OBJC_ARC = YES;
				CLANG_WARN_BOOL_CONVERSION = YES;
				CLANG_WARN_CONSTANT_CONVERSION = YES;
				CLANG_WARN_DIRECT_OBJC_ISA_USAGE = YES_ERROR;
				CLANG_WARN_EMPTY_BODY = YES;
				CLANG_WARN_ENUM_CONVERSION = YES;
				CLANG_WARN_INT_CONVERSION = YES;
				CLANG_WARN_OBJC_ROOT_CLASS = YES_ERROR;
				CLANG_WARN_UNREACHABLE_CODE = YES;
				CLANG_WARN__DUPLICATE_METHOD_MATCH = YES;
				COPY_PHASE_STRIP = NO;
				DEBUG_INFORMATION_FORMAT = "dwarf-with-dsym";
				ENABLE_NS_ASSERTIONS = NO;
				ENABLE_STRICT_OBJC_MSGSEND = YES;
				GCC_C_LANGUAGE_STANDARD = gnu99;
				GCC_WARN_64_TO_32_BIT_CONVERSION = YES;
				GCC_WARN_ABOUT_RETURN_TYPE = YES_ERROR;
				GCC_WARN_UNDECLARED_SELECTOR = YES;
				GCC_WARN_UNINITIALIZED_AUTOS = YES_AGGRESSIVE;
				GCC_WARN_UNUSED_FUNCTION = YES;
				GCC_WARN_UNUSED_VARIABLE = YES;
				MACOSX_DEPLOYMENT_TARGET = 10.10;
				MTL_ENABLE_DEBUG_INFO = NO;
				SDKROOT = macosx;
			};
			name = Release;
		};
		48C3E83C1AC5ABF0001994A2 /* Debug */ = {
			isa = XCBuildConfiguration;
			buildSettings = {
				PRODUCT_NAME = "$(TARGET_NAME)";
			};
			name = Debug;
		};
		48C3E83D1AC5ABF0001994A2 /* Release */ = {
			isa = XCBuildConfiguration;
			buildSettings = {
				PRODUCT_NAME = "$(TARGET_NAME)";
			};
			name = Release;
		};
/* End XCBuildConfiguration section */

/* Begin XCConfigurationList section */
		48C3E82F1AC5ABF0001994A2 /* Build configuration list for PBXProject "UncoupledSet" */ = {
			isa = XCConfigurationList;
			buildConfigurations = (
				48C3E8391AC5ABF0001994A2 /* Debug */,
				48C3E83A1AC5ABF0001994A2 /* Release */,
			);
			defaultConfigurationIsVisible = 0;
			defaultConfigurationName = Release;
		};
		48C3E83B1AC5ABF0001994A2 /* Build configuration list for PBXNativeTarget "UncoupledSet" */ = {
			isa = XCConfigurationList;
			buildConfigurations = (
				48C3E83C1AC5ABF0001994A2 /* Debug */,
				48C3E83D1AC5ABF0001994A2 /* Release */,
			);
			defaultConfigurationIsVisible = 0;
		};
/* End XCConfigurationList section */
	};
	rootObject = 48C3E82C1AC5ABF0001994A2 /* Project object */;
}
